
Microsoft Visual Studio Solution File, Format Version 12.00
# Visual Studio Version 16
VisualStudioVersion = 16.0.30320.27
MinimumVisualStudioVersion = 10.0.40219.1
Project("{FAE04EC0-301F-11D3-BF4B-00C04F79EFBC}") = "TiendaEnLinea.Web", "TiendaEnLinea.Web\TiendaEnLinea.Web.csproj", "{081AB311-E650-4F52-97B9-F583D772B80C}"
EndProject
Project("{FAE04EC0-301F-11D3-BF4B-00C04F79EFBC}") = "TiendaEnLinea.Core", "TiendaEnLinea.Core\TiendaEnLinea.Core.csproj", "{80201EA0-3E6B-4CDA-8EA0-07271C6653DA}"
EndProject
Project("{FAE04EC0-301F-11D3-BF4B-00C04F79EFBC}") = "TiendaEnLinea.SQL", "TiendaEnLinea.SQL\TiendaEnLinea.SQL.csproj", "{A5A9BBAC-6268-4E61-BA9A-4DFFFF070F13}"
EndProject
Project("{FAE04EC0-301F-11D3-BF4B-00C04F79EFBC}") = "TiendaEnLinea.Service", "TiendaEnLinea.Service\TiendaEnLinea.Service.csproj", "{2A9B00B8-72D4-4B6A-8377-16A94162A4EA}"
EndProject
Project("{FAE04EC0-301F-11D3-BF4B-00C04F79EFBC}") = "TiendaEnLinea.Web.Publico", "TiendaEnLinea.Web.Publico\TiendaEnLinea.Web.Publico.csproj", "{F54CB168-FD1A-4722-A996-3D9588FE7B7E}"
EndProject
Global
	GlobalSection(SolutionConfigurationPlatforms) = preSolution
		Debug|Any CPU = Debug|Any CPU
		Release|Any CPU = Release|Any CPU
	EndGlobalSection
	GlobalSection(ProjectConfigurationPlatforms) = postSolution
		{081AB311-E650-4F52-97B9-F583D772B80C}.Debug|Any CPU.ActiveCfg = Debug|Any CPU
		{081AB311-E650-4F52-97B9-F583D772B80C}.Debug|Any CPU.Build.0 = Debug|Any CPU
		{081AB311-E650-4F52-97B9-F583D772B80C}.Release|Any CPU.ActiveCfg = Release|Any CPU
		{081AB311-E650-4F52-97B9-F583D772B80C}.Release|Any CPU.Build.0 = Release|Any CPU
		{80201EA0-3E6B-4CDA-8EA0-07271C6653DA}.Debug|Any CPU.ActiveCfg = Debug|Any CPU
		{80201EA0-3E6B-4CDA-8EA0-07271C6653DA}.Debug|Any CPU.Build.0 = Debug|Any CPU
		{80201EA0-3E6B-4CDA-8EA0-07271C6653DA}.Release|Any CPU.ActiveCfg = Release|Any CPU
		{80201EA0-3E6B-4CDA-8EA0-07271C6653DA}.Release|Any CPU.Build.0 = Release|Any CPU
		{A5A9BBAC-6268-4E61-BA9A-4DFFFF070F13}.Debug|Any CPU.ActiveCfg = Debug|Any CPU
		{A5A9BBAC-6268-4E61-BA9A-4DFFFF070F13}.Debug|Any CPU.Build.0 = Debug|Any CPU
		{A5A9BBAC-6268-4E61-BA9A-4DFFFF070F13}.Release|Any CPU.ActiveCfg = Release|Any CPU
		{A5A9BBAC-6268-4E61-BA9A-4DFFFF070F13}.Release|Any CPU.Build.0 = Release|Any CPU
		{2A9B00B8-72D4-4B6A-8377-16A94162A4EA}.Debug|Any CPU.ActiveCfg = Debug|Any CPU
		{2A9B00B8-72D4-4B6A-8377-16A94162A4EA}.Debug|Any CPU.Build.0 = Debug|Any CPU
		{2A9B00B8-72D4-4B6A-8377-16A94162A4EA}.Release|Any CPU.ActiveCfg = Release|Any CPU
		{2A9B00B8-72D4-4B6A-8377-16A94162A4EA}.Release|Any CPU.Build.0 = Release|Any CPU
		{F54CB168-FD1A-4722-A996-3D9588FE7B7E}.Debug|Any CPU.ActiveCfg = Debug|Any CPU
		{F54CB168-FD1A-4722-A996-3D9588FE7B7E}.Debug|Any CPU.Build.0 = Debug|Any CPU
		{F54CB168-FD1A-4722-A996-3D9588FE7B7E}.Release|Any CPU.ActiveCfg = Release|Any CPU
		{F54CB168-FD1A-4722-A996-3D9588FE7B7E}.Release|Any CPU.Build.0 = Release|Any CPU
	EndGlobalSection
	GlobalSection(SolutionProperties) = preSolution
		HideSolutionNode = FALSE
	EndGlobalSection
	GlobalSection(ExtensibilityGlobals) = postSolution
		SolutionGuid = {78AA116B-C207-4185-9301-AC14F3183251}
	EndGlobalSection
EndGlobal
